
Microsoft Visual Studio Solution File, Format Version 12.00
# Visual Studio Version 17
VisualStudioVersion = 17.5.002.0
MinimumVisualStudioVersion = 10.0.40219.1
Project("{2150E333-8FDC-42A3-9474-1A3956D46DE8}") = "csharp-prep", "csharp-prep", "{54031FF8-E176-4725-A8D6-501609DDF5CB}"
EndProject
Project("{9A19103F-16F7-4668-BE54-9A1E7A4F7556}") = "Prep1", "csharp-prep\Prep1\Prep1.csproj", "{4447A735-DC87-4A8F-88B1-3499FEBC9980}"
EndProject
Project("{9A19103F-16F7-4668-BE54-9A1E7A4F7556}") = "Prep2", "csharp-prep\Prep2\Prep2.csproj", "{4F45F22E-C072-44F2-B67F-4CA50D28E8E6}"
EndProject
Project("{9A19103F-16F7-4668-BE54-9A1E7A4F7556}") = "Prep3", "csharp-prep\Prep3\Prep3.csproj", "{4EE14D67-4381-46A1-84EB-EEC56EEC8A6B}"
EndProject
Project("{9A19103F-16F7-4668-BE54-9A1E7A4F7556}") = "Prep4", "csharp-prep\Prep4\Prep4.csproj", "{A0EC24C2-E398-4800-BBFA-72B716B934AA}"
EndProject
Project("{9A19103F-16F7-4668-BE54-9A1E7A4F7556}") = "Prep5", "csharp-prep\Prep5\Prep5.csproj", "{74B41690-8530-4412-8DC9-CC36D3E40404}"
EndProject
Project("{2150E333-8FDC-42A3-9474-1A3956D46DE8}") = "final", "final", "{FFBDF2BB-537F-4AE3-83F1-B02A3FE8C191}"
EndProject
Project("{9A19103F-16F7-4668-BE54-9A1E7A4F7556}") = "FinalProject", "final\FinalProject\FinalProject.csproj", "{640FB58D-18AB-437B-B71A-AE3BE125B435}"
EndProject
Project("{9A19103F-16F7-4668-BE54-9A1E7A4F7556}") = "Foundation1", "final\Foundation1\Foundation1.csproj", "{00FEA291-50DA-4462-91FA-8D6461042368}"
EndProject
Project("{9A19103F-16F7-4668-BE54-9A1E7A4F7556}") = "Foundation2", "final\Foundation2\Foundation2.csproj", "{19E89726-5853-4280-A318-35CC5BCBB488}"
EndProject
Project("{9A19103F-16F7-4668-BE54-9A1E7A4F7556}") = "Foundation3", "final\Foundation3\Foundation3.csproj", "{6FE24C57-B7F6-43FE-A9EB-E8D66C7FF05F}"
EndProject
Project("{9A19103F-16F7-4668-BE54-9A1E7A4F7556}") = "Foundation4", "final\Foundation4\Foundation4.csproj", "{C7821922-2EEB-481E-9D3F-C4ADFB3ECB24}"
EndProject
Project("{2150E333-8FDC-42A3-9474-1A3956D46DE8}") = "prepare", "prepare", "{F2B2DA7A-1B0E-4247-B26C-CEBE410C216F}"
EndProject
Project("{9A19103F-16F7-4668-BE54-9A1E7A4F7556}") = "Learning02", "prepare\Learning02\Learning02.csproj", "{39559EE5-6FA6-4B8D-8F45-F6D895BAFB66}"
EndProject
Project("{9A19103F-16F7-4668-BE54-9A1E7A4F7556}") = "Learning03", "prepare\Learning03\Learning03.csproj", "{D3C1E0C8-76BB-4E72-9A6E-9102AB7D1882}"
EndProject
Project("{9A19103F-16F7-4668-BE54-9A1E7A4F7556}") = "Learning04", "prepare\Learning04\Learning04.csproj", "{75A91CEF-0730-49D9-B7F4-5F793CE04558}"
EndProject
Project("{9A19103F-16F7-4668-BE54-9A1E7A4F7556}") = "Learning05", "prepare\Learning05\Learning05.csproj", "{5E6CD83A-7F88-45C5-8E15-CAA2AA8C354A}"
EndProject
Project("{2150E333-8FDC-42A3-9474-1A3956D46DE8}") = "prove", "prove", "{4409369E-1EC9-4CE5-8985-607288FD4CC9}"
EndProject
Project("{9A19103F-16F7-4668-BE54-9A1E7A4F7556}") = "Develop02", "prove\Develop02\Develop02.csproj", "{85A403A1-E410-413C-810A-5F66769D55A4}"
EndProject
Project("{9A19103F-16F7-4668-BE54-9A1E7A4F7556}") = "Develop03", "prove\Develop03\Develop03.csproj", "{0DEBB430-B4ED-480B-A666-4FDC4B84A198}"
EndProject
Project("{9A19103F-16F7-4668-BE54-9A1E7A4F7556}") = "Develop04", "prove\Develop04\Develop04.csproj", "{99517A51-2D20-4DA3-A9C7-21CC421FFF68}"
EndProject
Project("{9A19103F-16F7-4668-BE54-9A1E7A4F7556}") = "Develop05", "prove\Develop05\Develop05.csproj", "{92E3B64F-9C00-453D-A296-442842A1D15F}"
EndProject
Global
	GlobalSection(SolutionConfigurationPlatforms) = preSolution
		Debug|Any CPU = Debug|Any CPU
		Release|Any CPU = Release|Any CPU
	EndGlobalSection
	GlobalSection(ProjectConfigurationPlatforms) = postSolution
		{4447A735-DC87-4A8F-88B1-3499FEBC9980}.Debug|Any CPU.ActiveCfg = Debug|Any CPU
		{4447A735-DC87-4A8F-88B1-3499FEBC9980}.Debug|Any CPU.Build.0 = Debug|Any CPU
		{4447A735-DC87-4A8F-88B1-3499FEBC9980}.Release|Any CPU.ActiveCfg = Release|Any CPU
		{4447A735-DC87-4A8F-88B1-3499FEBC9980}.Release|Any CPU.Build.0 = Release|Any CPU
		{4F45F22E-C072-44F2-B67F-4CA50D28E8E6}.Debug|Any CPU.ActiveCfg = Debug|Any CPU
		{4F45F22E-C072-44F2-B67F-4CA50D28E8E6}.Debug|Any CPU.Build.0 = Debug|Any CPU
		{4F45F22E-C072-44F2-B67F-4CA50D28E8E6}.Release|Any CPU.ActiveCfg = Release|Any CPU
		{4F45F22E-C072-44F2-B67F-4CA50D28E8E6}.Release|Any CPU.Build.0 = Release|Any CPU
		{4EE14D67-4381-46A1-84EB-EEC56EEC8A6B}.Debug|Any CPU.ActiveCfg = Debug|Any CPU
		{4EE14D67-4381-46A1-84EB-EEC56EEC8A6B}.Debug|Any CPU.Build.0 = Debug|Any CPU
		{4EE14D67-4381-46A1-84EB-EEC56EEC8A6B}.Release|Any CPU.ActiveCfg = Release|Any CPU
		{4EE14D67-4381-46A1-84EB-EEC56EEC8A6B}.Release|Any CPU.Build.0 = Release|Any CPU
		{A0EC24C2-E398-4800-BBFA-72B716B934AA}.Debug|Any CPU.ActiveCfg = Debug|Any CPU
		{A0EC24C2-E398-4800-BBFA-72B716B934AA}.Debug|Any CPU.Build.0 = Debug|Any CPU
		{A0EC24C2-E398-4800-BBFA-72B716B934AA}.Release|Any CPU.ActiveCfg = Release|Any CPU
		{A0EC24C2-E398-4800-BBFA-72B716B934AA}.Release|Any CPU.Build.0 = Release|Any CPU
		{74B41690-8530-4412-8DC9-CC36D3E40404}.Debug|Any CPU.ActiveCfg = Debug|Any CPU
		{74B41690-8530-4412-8DC9-CC36D3E40404}.Debug|Any CPU.Build.0 = Debug|Any CPU
		{74B41690-8530-4412-8DC9-CC36D3E40404}.Release|Any CPU.ActiveCfg = Release|Any CPU
		{74B41690-8530-4412-8DC9-CC36D3E40404}.Release|Any CPU.Build.0 = Release|Any CPU
		{640FB58D-18AB-437B-B71A-AE3BE125B435}.Debug|Any CPU.ActiveCfg = Debug|Any CPU
		{640FB58D-18AB-437B-B71A-AE3BE125B435}.Debug|Any CPU.Build.0 = Debug|Any CPU
		{640FB58D-18AB-437B-B71A-AE3BE125B435}.Release|Any CPU.ActiveCfg = Release|Any CPU
		{640FB58D-18AB-437B-B71A-AE3BE125B435}.Release|Any CPU.Build.0 = Release|Any CPU
		{00FEA291-50DA-4462-91FA-8D6461042368}.Debug|Any CPU.ActiveCfg = Debug|Any CPU
		{00FEA291-50DA-4462-91FA-8D6461042368}.Debug|Any CPU.Build.0 = Debug|Any CPU
		{00FEA291-50DA-4462-91FA-8D6461042368}.Release|Any CPU.ActiveCfg = Release|Any CPU
		{00FEA291-50DA-4462-91FA-8D6461042368}.Release|Any CPU.Build.0 = Release|Any CPU
		{19E89726-5853-4280-A318-35CC5BCBB488}.Debug|Any CPU.ActiveCfg = Debug|Any CPU
		{19E89726-5853-4280-A318-35CC5BCBB488}.Debug|Any CPU.Build.0 = Debug|Any CPU
		{19E89726-5853-4280-A318-35CC5BCBB488}.Release|Any CPU.ActiveCfg = Release|Any CPU
		{19E89726-5853-4280-A318-35CC5BCBB488}.Release|Any CPU.Build.0 = Release|Any CPU
		{6FE24C57-B7F6-43FE-A9EB-E8D66C7FF05F}.Debug|Any CPU.ActiveCfg = Debug|Any CPU
		{6FE24C57-B7F6-43FE-A9EB-E8D66C7FF05F}.Debug|Any CPU.Build.0 = Debug|Any CPU
		{6FE24C57-B7F6-43FE-A9EB-E8D66C7FF05F}.Release|Any CPU.ActiveCfg = Release|Any CPU
		{6FE24C57-B7F6-43FE-A9EB-E8D66C7FF05F}.Release|Any CPU.Build.0 = Release|Any CPU
		{C7821922-2EEB-481E-9D3F-C4ADFB3ECB24}.Debug|Any CPU.ActiveCfg = Debug|Any CPU
		{C7821922-2EEB-481E-9D3F-C4ADFB3ECB24}.Debug|Any CPU.Build.0 = Debug|Any CPU
		{C7821922-2EEB-481E-9D3F-C4ADFB3ECB24}.Release|Any CPU.ActiveCfg = Release|Any CPU
		{C7821922-2EEB-481E-9D3F-C4ADFB3ECB24}.Release|Any CPU.Build.0 = Release|Any CPU
		{39559EE5-6FA6-4B8D-8F45-F6D895BAFB66}.Debug|Any CPU.ActiveCfg = Debug|Any CPU
		{39559EE5-6FA6-4B8D-8F45-F6D895BAFB66}.Debug|Any CPU.Build.0 = Debug|Any CPU
		{39559EE5-6FA6-4B8D-8F45-F6D895BAFB66}.Release|Any CPU.ActiveCfg = Release|Any CPU
		{39559EE5-6FA6-4B8D-8F45-F6D895BAFB66}.Release|Any CPU.Build.0 = Release|Any CPU
		{D3C1E0C8-76BB-4E72-9A6E-9102AB7D1882}.Debug|Any CPU.ActiveCfg = Debug|Any CPU
		{D3C1E0C8-76BB-4E72-9A6E-9102AB7D1882}.Debug|Any CPU.Build.0 = Debug|Any CPU
		{D3C1E0C8-76BB-4E72-9A6E-9102AB7D1882}.Release|Any CPU.ActiveCfg = Release|Any CPU
		{D3C1E0C8-76BB-4E72-9A6E-9102AB7D1882}.Release|Any CPU.Build.0 = Release|Any CPU
		{75A91CEF-0730-49D9-B7F4-5F793CE04558}.Debug|Any CPU.ActiveCfg = Debug|Any CPU
		{75A91CEF-0730-49D9-B7F4-5F793CE04558}.Debug|Any CPU.Build.0 = Debug|Any CPU
		{75A91CEF-0730-49D9-B7F4-5F793CE04558}.Release|Any CPU.ActiveCfg = Release|Any CPU
		{75A91CEF-0730-49D9-B7F4-5F793CE04558}.Release|Any CPU.Build.0 = Release|Any CPU
		{5E6CD83A-7F88-45C5-8E15-CAA2AA8C354A}.Debug|Any CPU.ActiveCfg = Debug|Any CPU
		{5E6CD83A-7F88-45C5-8E15-CAA2AA8C354A}.Debug|Any CPU.Build.0 = Debug|Any CPU
		{5E6CD83A-7F88-45C5-8E15-CAA2AA8C354A}.Release|Any CPU.ActiveCfg = Release|Any CPU
		{5E6CD83A-7F88-45C5-8E15-CAA2AA8C354A}.Release|Any CPU.Build.0 = Release|Any CPU
		{85A403A1-E410-413C-810A-5F66769D55A4}.Debug|Any CPU.ActiveCfg = Debug|Any CPU
		{85A403A1-E410-413C-810A-5F66769D55A4}.Debug|Any CPU.Build.0 = Debug|Any CPU
		{85A403A1-E410-413C-810A-5F66769D55A4}.Release|Any CPU.ActiveCfg = Release|Any CPU
		{85A403A1-E410-413C-810A-5F66769D55A4}.Release|Any CPU.Build.0 = Release|Any CPU
		{0DEBB430-B4ED-480B-A666-4FDC4B84A198}.Debug|Any CPU.ActiveCfg = Debug|Any CPU
		{0DEBB430-B4ED-480B-A666-4FDC4B84A198}.Debug|Any CPU.Build.0 = Debug|Any CPU
		{0DEBB430-B4ED-480B-A666-4FDC4B84A198}.Release|Any CPU.ActiveCfg = Release|Any CPU
		{0DEBB430-B4ED-480B-A666-4FDC4B84A198}.Release|Any CPU.Build.0 = Release|Any CPU
		{99517A51-2D20-4DA3-A9C7-21CC421FFF68}.Debug|Any CPU.ActiveCfg = Debug|Any CPU
		{99517A51-2D20-4DA3-A9C7-21CC421FFF68}.Debug|Any CPU.Build.0 = Debug|Any CPU
		{99517A51-2D20-4DA3-A9C7-21CC421FFF68}.Release|Any CPU.ActiveCfg = Release|Any CPU
		{99517A51-2D20-4DA3-A9C7-21CC421FFF68}.Release|Any CPU.Build.0 = Release|Any CPU
		{92E3B64F-9C00-453D-A296-442842A1D15F}.Debug|Any CPU.ActiveCfg = Debug|Any CPU
		{92E3B64F-9C00-453D-A296-442842A1D15F}.Debug|Any CPU.Build.0 = Debug|Any CPU
		{92E3B64F-9C00-453D-A296-442842A1D15F}.Release|Any CPU.ActiveCfg = Release|Any CPU
		{92E3B64F-9C00-453D-A296-442842A1D15F}.Release|Any CPU.Build.0 = Release|Any CPU
	EndGlobalSection
	GlobalSection(SolutionProperties) = preSolution
		HideSolutionNode = FALSE
	EndGlobalSection
	GlobalSection(NestedProjects) = preSolution
		{4447A735-DC87-4A8F-88B1-3499FEBC9980} = {54031FF8-E176-4725-A8D6-501609DDF5CB}
		{4F45F22E-C072-44F2-B67F-4CA50D28E8E6} = {54031FF8-E176-4725-A8D6-501609DDF5CB}
		{4EE14D67-4381-46A1-84EB-EEC56EEC8A6B} = {54031FF8-E176-4725-A8D6-501609DDF5CB}
		{A0EC24C2-E398-4800-BBFA-72B716B934AA} = {54031FF8-E176-4725-A8D6-501609DDF5CB}
		{74B41690-8530-4412-8DC9-CC36D3E40404} = {54031FF8-E176-4725-A8D6-501609DDF5CB}
		{640FB58D-18AB-437B-B71A-AE3BE125B435} = {FFBDF2BB-537F-4AE3-83F1-B02A3FE8C191}
		{00FEA291-50DA-4462-91FA-8D6461042368} = {FFBDF2BB-537F-4AE3-83F1-B02A3FE8C191}
		{19E89726-5853-4280-A318-35CC5BCBB488} = {FFBDF2BB-537F-4AE3-83F1-B02A3FE8C191}
		{6FE24C57-B7F6-43FE-A9EB-E8D66C7FF05F} = {FFBDF2BB-537F-4AE3-83F1-B02A3FE8C191}
		{C7821922-2EEB-481E-9D3F-C4ADFB3ECB24} = {FFBDF2BB-537F-4AE3-83F1-B02A3FE8C191}
		{39559EE5-6FA6-4B8D-8F45-F6D895BAFB66} = {F2B2DA7A-1B0E-4247-B26C-CEBE410C216F}
		{D3C1E0C8-76BB-4E72-9A6E-9102AB7D1882} = {F2B2DA7A-1B0E-4247-B26C-CEBE410C216F}
		{75A91CEF-0730-49D9-B7F4-5F793CE04558} = {F2B2DA7A-1B0E-4247-B26C-CEBE410C216F}
		{5E6CD83A-7F88-45C5-8E15-CAA2AA8C354A} = {F2B2DA7A-1B0E-4247-B26C-CEBE410C216F}
		{85A403A1-E410-413C-810A-5F66769D55A4} = {4409369E-1EC9-4CE5-8985-607288FD4CC9}
		{0DEBB430-B4ED-480B-A666-4FDC4B84A198} = {4409369E-1EC9-4CE5-8985-607288FD4CC9}
		{99517A51-2D20-4DA3-A9C7-21CC421FFF68} = {4409369E-1EC9-4CE5-8985-607288FD4CC9}
		{92E3B64F-9C00-453D-A296-442842A1D15F} = {4409369E-1EC9-4CE5-8985-607288FD4CC9}
	EndGlobalSection
	GlobalSection(ExtensibilityGlobals) = postSolution
		SolutionGuid = {478B0709-2B35-49EF-82D0-3EE2F9364BC9}
	EndGlobalSection
EndGlobal
